
Microsoft Visual Studio Solution File, Format Version 12.00
# Visual Studio Version 16
VisualStudioVersion = 16.0.30907.101
MinimumVisualStudioVersion = 10.0.40219.1
Project("{FAE04EC0-301F-11D3-BF4B-00C04F79EFBC}") = "Valute_Main.Android", "Valute_Main.Android\Valute_Main.Android.csproj", "{A3CA3208-F19E-4DE6-AC76-3755F3E0D508}"
EndProject
Project("{FAE04EC0-301F-11D3-BF4B-00C04F79EFBC}") = "Valute_Main", "Valute_Main\Valute_Main.csproj", "{B6671A0A-48C1-44E7-A191-52B7CE912BA0}"
EndProject
Global
	GlobalSection(SolutionConfigurationPlatforms) = preSolution
		Debug|Any CPU = Debug|Any CPU
		Release|Any CPU = Release|Any CPU
	EndGlobalSection
	GlobalSection(ProjectConfigurationPlatforms) = postSolution
		{A3CA3208-F19E-4DE6-AC76-3755F3E0D508}.Debug|Any CPU.ActiveCfg = Debug|Any CPU
		{A3CA3208-F19E-4DE6-AC76-3755F3E0D508}.Debug|Any CPU.Build.0 = Debug|Any CPU
		{A3CA3208-F19E-4DE6-AC76-3755F3E0D508}.Debug|Any CPU.Deploy.0 = Debug|Any CPU
		{A3CA3208-F19E-4DE6-AC76-3755F3E0D508}.Release|Any CPU.ActiveCfg = Release|Any CPU
		{A3CA3208-F19E-4DE6-AC76-3755F3E0D508}.Release|Any CPU.Build.0 = Release|Any CPU
		{A3CA3208-F19E-4DE6-AC76-3755F3E0D508}.Release|Any CPU.Deploy.0 = Release|Any CPU
		{B6671A0A-48C1-44E7-A191-52B7CE912BA0}.Debug|Any CPU.ActiveCfg = Debug|Any CPU
		{B6671A0A-48C1-44E7-A191-52B7CE912BA0}.Debug|Any CPU.Build.0 = Debug|Any CPU
		{B6671A0A-48C1-44E7-A191-52B7CE912BA0}.Debug|Any CPU.Deploy.0 = Debug|Any CPU
		{B6671A0A-48C1-44E7-A191-52B7CE912BA0}.Release|Any CPU.ActiveCfg = Release|Any CPU
		{B6671A0A-48C1-44E7-A191-52B7CE912BA0}.Release|Any CPU.Build.0 = Release|Any CPU
		{B6671A0A-48C1-44E7-A191-52B7CE912BA0}.Release|Any CPU.Deploy.0 = Release|Any CPU
	EndGlobalSection
	GlobalSection(SolutionProperties) = preSolution
		HideSolutionNode = FALSE
	EndGlobalSection
	GlobalSection(ExtensibilityGlobals) = postSolution
		SolutionGuid = {D69833B3-6DE1-42A0-AB11-2EA986B4ADB6}
	EndGlobalSection
EndGlobal
